{
  "name": "ngx-super-dashboard",
  "version": "0.0.1",
  "lockfileVersion": 1,
  "requires": true,
  "dependencies": {
    "@types/google.visualization": {
      "version": "0.0.52",
      "resolved": "https://registry.npmjs.org/@types/google.visualization/-/google.visualization-0.0.52.tgz",
      "integrity": "sha512-zyY6z8JswGNRVK2TwZGOGLnRKiBdHAAyj5SwBMRwPM0DclvwMR91GZHiXH2/hNPJNlc3VdmFDQPVl1zzSYN6pw=="
    },
    "angular-google-charts": {
      "version": "1.1.6",
      "resolved": "https://registry.npmjs.org/angular-google-charts/-/angular-google-charts-1.1.6.tgz",
      "integrity": "sha512-+iWWei2Nm/LGOEGIVLJIgqeeCSo+yEDTxtu7lDGpWJKniW4IT0QquVRq7TOm2sjCZFo2auSthncHwRF24TK/RQ==",
      "requires": {
        "@types/google.visualization": "^0.0.52",
        "tslib": "^2.0.0"
      },
      "dependencies": {
        "tslib": {
          "version": "2.8.0",
          "resolved": "https://registry.npmjs.org/tslib/-/tslib-2.8.0.tgz",
          "integrity": "sha512-jWVzBLplnCmoaTr13V9dYbiQ99wvZRd0vNWaDRg+aVYRcjDF3nDksxFDE/+fkXnKhpnUUkmx5pK/v8mCtLVqZA=="
        }
      }
    },
    "tslib": {
      "version": "2.0.0",
      "resolved": "https://registry.npmjs.org/tslib/-/tslib-2.0.0.tgz",
      "integrity": "sha512-lTqkx847PI7xEDYJntxZH89L2/aXInsyF2luSafe/+0fHOMjlBNXdH6th7f70qxLDhul7KZK0zC8V5ZIyHl0/g=="
    }
  }
}
